{
  "requires": true,
  "lockfileVersion": 1,
  "dependencies": {
    "@types/node": {
      "version": "10.12.9",
      "resolved": "https://registry.npmjs.org/@types/node/-/node-10.12.9.tgz",
      "integrity": "sha512-eajkMXG812/w3w4a1OcBlaTwsFPO5F7fJ/amy+tieQxEMWBlbV1JGSjkFM+zkHNf81Cad+dfIRA+IBkvmvdAeA=="
    },
    "grapheme-splitter": {
      "version": "1.0.4",
      "resolved": "https://registry.npmjs.org/grapheme-splitter/-/grapheme-splitter-1.0.4.tgz",
      "integrity": "sha512-bzh50DW9kTPM00T8y4o8vQg89Di9oLJVLW/KaOGIXJWP/iqCN6WKYkbNOF04vFLJhwcpYUh9ydh/+5vpOqV4YQ=="
    }
  }
}
